
Microsoft Visual Studio Solution File, Format Version 12.00
# Visual Studio 15
VisualStudioVersion = 15.0.28010.2003
MinimumVisualStudioVersion = 10.0.40219.1
Project("{9A19103F-16F7-4668-BE54-9A1E7A4F7556}") = "BotPin", "BotPinProject\BotPin.csproj", "{292CA16C-FAA3-4AD2-AC79-EAE3E3F674DF}"
EndProject
Global
	GlobalSection(SolutionConfigurationPlatforms) = preSolution
		Debug|Any CPU = Debug|Any CPU
		Release|Any CPU = Release|Any CPU
	EndGlobalSection
	GlobalSection(ProjectConfigurationPlatforms) = postSolution
		{292CA16C-FAA3-4AD2-AC79-EAE3E3F674DF}.Debug|Any CPU.ActiveCfg = Debug|Any CPU
		{292CA16C-FAA3-4AD2-AC79-EAE3E3F674DF}.Debug|Any CPU.Build.0 = Debug|Any CPU
		{292CA16C-FAA3-4AD2-AC79-EAE3E3F674DF}.Release|Any CPU.ActiveCfg = Release|Any CPU
		{292CA16C-FAA3-4AD2-AC79-EAE3E3F674DF}.Release|Any CPU.Build.0 = Release|Any CPU
	EndGlobalSection
	GlobalSection(SolutionProperties) = preSolution
		HideSolutionNode = FALSE
	EndGlobalSection
	GlobalSection(ExtensibilityGlobals) = postSolution
		SolutionGuid = {32616352-A195-4CEF-A9C6-1988DD3999EE}
	EndGlobalSection
EndGlobal
